
Microsoft Visual Studio Solution File, Format Version 12.00
# Visual Studio Version 16
VisualStudioVersion = 16.0.29519.87
MinimumVisualStudioVersion = 10.0.40219.1
Project("{FAE04EC0-301F-11D3-BF4B-00C04F79EFBC}") = "AnalyticIntegration", "Analytics.Factory\AnalyticIntegration.csproj", "{2D0379FB-88FD-4FCF-B4B2-D8D4B6808B4B}"
EndProject
Project("{FAE04EC0-301F-11D3-BF4B-00C04F79EFBC}") = "Test.Analytics", "Test.Analytics\Test.Analytics.csproj", "{7AE9F74E-0A55-4B43-A975-1993A7D8C440}"
EndProject
Global
	GlobalSection(SolutionConfigurationPlatforms) = preSolution
		Debug|Any CPU = Debug|Any CPU
		Release|Any CPU = Release|Any CPU
	EndGlobalSection
	GlobalSection(ProjectConfigurationPlatforms) = postSolution
		{2D0379FB-88FD-4FCF-B4B2-D8D4B6808B4B}.Debug|Any CPU.ActiveCfg = Debug|Any CPU
		{2D0379FB-88FD-4FCF-B4B2-D8D4B6808B4B}.Debug|Any CPU.Build.0 = Debug|Any CPU
		{2D0379FB-88FD-4FCF-B4B2-D8D4B6808B4B}.Release|Any CPU.ActiveCfg = Release|Any CPU
		{2D0379FB-88FD-4FCF-B4B2-D8D4B6808B4B}.Release|Any CPU.Build.0 = Release|Any CPU
		{7AE9F74E-0A55-4B43-A975-1993A7D8C440}.Debug|Any CPU.ActiveCfg = Debug|Any CPU
		{7AE9F74E-0A55-4B43-A975-1993A7D8C440}.Debug|Any CPU.Build.0 = Debug|Any CPU
		{7AE9F74E-0A55-4B43-A975-1993A7D8C440}.Release|Any CPU.ActiveCfg = Release|Any CPU
		{7AE9F74E-0A55-4B43-A975-1993A7D8C440}.Release|Any CPU.Build.0 = Release|Any CPU
	EndGlobalSection
	GlobalSection(SolutionProperties) = preSolution
		HideSolutionNode = FALSE
	EndGlobalSection
	GlobalSection(ExtensibilityGlobals) = postSolution
		SolutionGuid = {6B5D42E4-F1CC-4D9E-915F-3F7A310A7366}
	EndGlobalSection
EndGlobal
